
Microsoft Visual Studio Solution File, Format Version 12.00
# Visual Studio Version 17
VisualStudioVersion = 17.4.33213.308
MinimumVisualStudioVersion = 10.0.40219.1
Project("{2150E333-8FDC-42A3-9474-1A3956D46DE8}") = "2022", "2022", "{9C1B8008-6E41-4AD0-BDD5-F799BFAFD119}"
EndProject
Project("{2150E333-8FDC-42A3-9474-1A3956D46DE8}") = "Day1", "Day1", "{B8D88FED-F06C-42F7-9D6F-0AC8CF267445}"
EndProject
Project("{2150E333-8FDC-42A3-9474-1A3956D46DE8}") = "csharp", "csharp", "{B32FA26F-BCD0-426E-AE0C-295A0FD7D185}"
EndProject
Project("{2150E333-8FDC-42A3-9474-1A3956D46DE8}") = "Day2", "Day2", "{E48D6F44-EB01-4AC7-8592-FA019E87DD48}"
EndProject
Project("{2150E333-8FDC-42A3-9474-1A3956D46DE8}") = "csharp", "csharp", "{8256C0D5-35E0-4C3D-93D7-741BC19F7E94}"
EndProject
Project("{FAE04EC0-301F-11D3-BF4B-00C04F79EFBC}") = "calories", "2022\Day1\csharp\calories\calories.csproj", "{6D21ED72-1965-4CD6-8594-D4BB73150627}"
EndProject
Project("{FAE04EC0-301F-11D3-BF4B-00C04F79EFBC}") = "rps", "2022\Day2\csharp\rps\rps.csproj", "{FF9D8A59-0D0A-4861-B2F5-D3B354BF1488}"
EndProject
Project("{2150E333-8FDC-42A3-9474-1A3956D46DE8}") = "Day3", "Day3", "{DBDFC697-4BBA-4530-892C-3F2AEF48F2BD}"
EndProject
Project("{2150E333-8FDC-42A3-9474-1A3956D46DE8}") = "Day4", "Day4", "{007DA723-360C-46D5-A959-086DE5C93F4F}"
EndProject
Project("{2150E333-8FDC-42A3-9474-1A3956D46DE8}") = "Day5", "Day5", "{B014AA83-7AB9-4262-BF1F-BECE7B7C9F7F}"
EndProject
Project("{2150E333-8FDC-42A3-9474-1A3956D46DE8}") = "Day6", "Day6", "{117C6923-1B21-4640-837E-64056439366C}"
EndProject
Project("{2150E333-8FDC-42A3-9474-1A3956D46DE8}") = "Day7", "Day7", "{997F6B3B-D64E-4307-97D5-C7969B531FBB}"
EndProject
Project("{2150E333-8FDC-42A3-9474-1A3956D46DE8}") = "Day8", "Day8", "{1A1F5AC0-1EEE-4277-8FF9-D7B3C53528F1}"
EndProject
Project("{2150E333-8FDC-42A3-9474-1A3956D46DE8}") = "csharp", "csharp", "{D5E2F6E5-26EE-4B8B-A1C8-102F9738A48F}"
EndProject
Project("{2150E333-8FDC-42A3-9474-1A3956D46DE8}") = "csharp", "csharp", "{017FD6AA-8D6F-4111-8BF8-8164C48DE841}"
EndProject
Project("{2150E333-8FDC-42A3-9474-1A3956D46DE8}") = "csharp", "csharp", "{0CF418BE-BA1C-4800-9DDB-74883266AAA0}"
EndProject
Project("{2150E333-8FDC-42A3-9474-1A3956D46DE8}") = "csharp", "csharp", "{FB5D621F-EA9A-48E0-93A1-4A15113BC8E6}"
EndProject
Project("{2150E333-8FDC-42A3-9474-1A3956D46DE8}") = "csharp", "csharp", "{D074949C-1FFE-4187-B85B-CF616E7FC56A}"
EndProject
Project("{2150E333-8FDC-42A3-9474-1A3956D46DE8}") = "csharp", "csharp", "{06AFC3E1-D7CF-429D-B80D-BFEB696B9BC6}"
EndProject
Project("{FAE04EC0-301F-11D3-BF4B-00C04F79EFBC}") = "iteams", "2022\Day3\csharp\iteams\iteams.csproj", "{3E7F1842-6961-4BA7-A420-15F04E2019AE}"
EndProject
Global
	GlobalSection(SolutionConfigurationPlatforms) = preSolution
		Debug|Any CPU = Debug|Any CPU
		Release|Any CPU = Release|Any CPU
	EndGlobalSection
	GlobalSection(ProjectConfigurationPlatforms) = postSolution
		{6D21ED72-1965-4CD6-8594-D4BB73150627}.Debug|Any CPU.ActiveCfg = Debug|Any CPU
		{6D21ED72-1965-4CD6-8594-D4BB73150627}.Debug|Any CPU.Build.0 = Debug|Any CPU
		{6D21ED72-1965-4CD6-8594-D4BB73150627}.Release|Any CPU.ActiveCfg = Release|Any CPU
		{6D21ED72-1965-4CD6-8594-D4BB73150627}.Release|Any CPU.Build.0 = Release|Any CPU
		{FF9D8A59-0D0A-4861-B2F5-D3B354BF1488}.Debug|Any CPU.ActiveCfg = Debug|Any CPU
		{FF9D8A59-0D0A-4861-B2F5-D3B354BF1488}.Debug|Any CPU.Build.0 = Debug|Any CPU
		{FF9D8A59-0D0A-4861-B2F5-D3B354BF1488}.Release|Any CPU.ActiveCfg = Release|Any CPU
		{FF9D8A59-0D0A-4861-B2F5-D3B354BF1488}.Release|Any CPU.Build.0 = Release|Any CPU
		{3E7F1842-6961-4BA7-A420-15F04E2019AE}.Debug|Any CPU.ActiveCfg = Debug|Any CPU
		{3E7F1842-6961-4BA7-A420-15F04E2019AE}.Debug|Any CPU.Build.0 = Debug|Any CPU
		{3E7F1842-6961-4BA7-A420-15F04E2019AE}.Release|Any CPU.ActiveCfg = Release|Any CPU
		{3E7F1842-6961-4BA7-A420-15F04E2019AE}.Release|Any CPU.Build.0 = Release|Any CPU
	EndGlobalSection
	GlobalSection(SolutionProperties) = preSolution
		HideSolutionNode = FALSE
	EndGlobalSection
	GlobalSection(NestedProjects) = preSolution
		{B8D88FED-F06C-42F7-9D6F-0AC8CF267445} = {9C1B8008-6E41-4AD0-BDD5-F799BFAFD119}
		{B32FA26F-BCD0-426E-AE0C-295A0FD7D185} = {B8D88FED-F06C-42F7-9D6F-0AC8CF267445}
		{E48D6F44-EB01-4AC7-8592-FA019E87DD48} = {9C1B8008-6E41-4AD0-BDD5-F799BFAFD119}
		{8256C0D5-35E0-4C3D-93D7-741BC19F7E94} = {E48D6F44-EB01-4AC7-8592-FA019E87DD48}
		{6D21ED72-1965-4CD6-8594-D4BB73150627} = {B32FA26F-BCD0-426E-AE0C-295A0FD7D185}
		{FF9D8A59-0D0A-4861-B2F5-D3B354BF1488} = {8256C0D5-35E0-4C3D-93D7-741BC19F7E94}
		{DBDFC697-4BBA-4530-892C-3F2AEF48F2BD} = {9C1B8008-6E41-4AD0-BDD5-F799BFAFD119}
		{007DA723-360C-46D5-A959-086DE5C93F4F} = {9C1B8008-6E41-4AD0-BDD5-F799BFAFD119}
		{B014AA83-7AB9-4262-BF1F-BECE7B7C9F7F} = {9C1B8008-6E41-4AD0-BDD5-F799BFAFD119}
		{117C6923-1B21-4640-837E-64056439366C} = {9C1B8008-6E41-4AD0-BDD5-F799BFAFD119}
		{997F6B3B-D64E-4307-97D5-C7969B531FBB} = {9C1B8008-6E41-4AD0-BDD5-F799BFAFD119}
		{1A1F5AC0-1EEE-4277-8FF9-D7B3C53528F1} = {9C1B8008-6E41-4AD0-BDD5-F799BFAFD119}
		{D5E2F6E5-26EE-4B8B-A1C8-102F9738A48F} = {DBDFC697-4BBA-4530-892C-3F2AEF48F2BD}
		{017FD6AA-8D6F-4111-8BF8-8164C48DE841} = {007DA723-360C-46D5-A959-086DE5C93F4F}
		{0CF418BE-BA1C-4800-9DDB-74883266AAA0} = {B014AA83-7AB9-4262-BF1F-BECE7B7C9F7F}
		{FB5D621F-EA9A-48E0-93A1-4A15113BC8E6} = {117C6923-1B21-4640-837E-64056439366C}
		{D074949C-1FFE-4187-B85B-CF616E7FC56A} = {997F6B3B-D64E-4307-97D5-C7969B531FBB}
		{06AFC3E1-D7CF-429D-B80D-BFEB696B9BC6} = {1A1F5AC0-1EEE-4277-8FF9-D7B3C53528F1}
		{3E7F1842-6961-4BA7-A420-15F04E2019AE} = {D5E2F6E5-26EE-4B8B-A1C8-102F9738A48F}
	EndGlobalSection
	GlobalSection(ExtensibilityGlobals) = postSolution
		SolutionGuid = {63AC2A69-7C51-49BF-B94B-273AD16906EE}
	EndGlobalSection
EndGlobal
